
Microsoft Visual Studio Solution File, Format Version 12.00
# Visual Studio Version 17
VisualStudioVersion = 17.4.33213.308
MinimumVisualStudioVersion = 10.0.40219.1
Project("{9A19103F-16F7-4668-BE54-9A1E7A4F7556}") = "LAGem_POPortal", "LAGem_POPortal.csproj", "{3BF64C1A-3284-475B-8654-18D573B951F0}"
EndProject
Global
	GlobalSection(SolutionConfigurationPlatforms) = preSolution
		Debug|Any CPU = Debug|Any CPU
		Release|Any CPU = Release|Any CPU
	EndGlobalSection
	GlobalSection(ProjectConfigurationPlatforms) = postSolution
		{3BF64C1A-3284-475B-8654-18D573B951F0}.Debug|Any CPU.ActiveCfg = Debug|Any CPU
		{3BF64C1A-3284-475B-8654-18D573B951F0}.Debug|Any CPU.Build.0 = Debug|Any CPU
		{3BF64C1A-3284-475B-8654-18D573B951F0}.Release|Any CPU.ActiveCfg = Release|Any CPU
		{3BF64C1A-3284-475B-8654-18D573B951F0}.Release|Any CPU.Build.0 = Release|Any CPU
	EndGlobalSection
	GlobalSection(SolutionProperties) = preSolution
		HideSolutionNode = FALSE
	EndGlobalSection
	GlobalSection(ExtensibilityGlobals) = postSolution
		SolutionGuid = {B99BB786-3531-4166-9168-02C2E47A0928}
	EndGlobalSection
EndGlobal
